
Microsoft Visual Studio Solution File, Format Version 12.00
# Visual Studio Version 17
VisualStudioVersion = 17.1.32328.378
MinimumVisualStudioVersion = 10.0.40219.1
Project("{FAE04EC0-301F-11D3-BF4B-00C04F79EFBC}") = "TodoAPI", "TodoAPI\TodoAPI.csproj", "{1836551E-0274-4465-9D0D-0C19D97CA07F}"
EndProject
Global
	GlobalSection(SolutionConfigurationPlatforms) = preSolution
		Debug|Any CPU = Debug|Any CPU
		Release|Any CPU = Release|Any CPU
	EndGlobalSection
	GlobalSection(ProjectConfigurationPlatforms) = postSolution
		{1836551E-0274-4465-9D0D-0C19D97CA07F}.Debug|Any CPU.ActiveCfg = Debug|Any CPU
		{1836551E-0274-4465-9D0D-0C19D97CA07F}.Debug|Any CPU.Build.0 = Debug|Any CPU
		{1836551E-0274-4465-9D0D-0C19D97CA07F}.Release|Any CPU.ActiveCfg = Release|Any CPU
		{1836551E-0274-4465-9D0D-0C19D97CA07F}.Release|Any CPU.Build.0 = Release|Any CPU
	EndGlobalSection
	GlobalSection(SolutionProperties) = preSolution
		HideSolutionNode = FALSE
	EndGlobalSection
	GlobalSection(ExtensibilityGlobals) = postSolution
		SolutionGuid = {F4304E55-1283-4FFE-9F4B-1665977383AB}
	EndGlobalSection
EndGlobal
